<?xml version="1.0" encoding="utf-8"?>
<Project ToolsVersion="4.0" xmlns="http://schemas.microsoft.com/developer/msbuild/2003">
  <ItemGroup>
    <Filter Include="Source Files">
      <UniqueIdentifier>{4FC737F1-C7A5-4376-A066-2A32D752A2FF}</UniqueIdentifier>
      <Extensions>cpp;c;cc;cxx;def;odl;idl;hpj;bat;asm;asmx</Extensions>
    </Filter>
    <Filter Include="Header Files">
      <UniqueIdentifier>{93995380-89BD-4b04-88EB-625FBE52EBFB}</UniqueIdentifier>
      <Extensions>h;hh;hpp;hxx;hm;inl;inc;xsd</Extensions>
    </Filter>
    <Filter Include="Resource Files">
      <UniqueIdentifier>{67DA6AB6-F800-4c08-8B7A-83BB121AAD01}</UniqueIdentifier>
      <Extensions>rc;ico;cur;bmp;dlg;rc2;rct;bin;rgs;gif;jpg;jpeg;jpe;resx;tiff;tif;png;wav</Extensions>
    </Filter>
  </ItemGroup>
  <ItemGroup>
    <ClCompile Include="source\AirMouse.cpp">
      <Filter>Source Files</Filter>
    </ClCompile>
    <ClCompile Include="source\BKB001.cpp">
      <Filter>Source Files</Filter>
    </ClCompile>
    <ClCompile Include="source\BKBgdi.cpp">
      <Filter>Source Files</Filter>
    </ClCompile>
    <ClCompile Include="source\BKBRepErr.cpp">
      <Filter>Source Files</Filter>
    </ClCompile>
    <ClCompile Include="source\BKBSettings.cpp">
      <Filter>Source Files</Filter>
    </ClCompile>
    <ClCompile Include="source\Click.cpp">
      <Filter>Source Files</Filter>
    </ClCompile>
    <ClCompile Include="source\Fixation.cpp">
      <Filter>Source Files</Filter>
    </ClCompile>
    <ClCompile Include="source\Internat.cpp">
      <Filter>Source Files</Filter>
    </ClCompile>
    <ClCompile Include="source\KeybLayouts.cpp">
      <Filter>Source Files</Filter>
    </ClCompile>
    <ClCompile Include="source\KeybWnd.cpp">
      <Filter>Source Files</Filter>
    </ClCompile>
    <ClCompile Include="source\KeybWndLoad.cpp">
      <Filter>Source Files</Filter>
    </ClCompile>
    <ClCompile Include="source\MagnifyWnd.cpp">
      <Filter>Source Files</Filter>
    </ClCompile>
    <ClCompile Include="source\OnGazeData.cpp">
      <Filter>Source Files</Filter>
    </ClCompile>
    <ClCompile Include="source\Smooth.cpp">
      <Filter>Source Files</Filter>
    </ClCompile>
    <ClCompile Include="source\StartupDialog.cpp">
      <Filter>Source Files</Filter>
    </ClCompile>
    <ClCompile Include="source\TET.cpp">
      <Filter>Source Files</Filter>
    </ClCompile>
    <ClCompile Include="source\TobiiREX.cpp">
      <Filter>Source Files</Filter>
    </ClCompile>
    <ClCompile Include="source\ToolWnd.cpp">
      <Filter>Source Files</Filter>
    </ClCompile>
    <ClCompile Include="source\TranspWnd.cpp">
      <Filter>Source Files</Filter>
    </ClCompile>
  </ItemGroup>
  <ItemGroup>
    <ClInclude Include="source\AirMouse.h">
      <Filter>Header Files</Filter>
    </ClInclude>
    <ClInclude Include="source\BKBgdi.h">
      <Filter>Header Files</Filter>
    </ClInclude>
    <ClInclude Include="source\BKBRepErr.h">
      <Filter>Header Files</Filter>
    </ClInclude>
    <ClInclude Include="source\BKBSettings.h">
      <Filter>Header Files</Filter>
    </ClInclude>
    <ClInclude Include="source\Click.h">
      <Filter>Header Files</Filter>
    </ClInclude>
    <ClInclude Include="source\Fixation.h">
      <Filter>Header Files</Filter>
    </ClInclude>
    <ClInclude Include="source\Internat.h">
      <Filter>Header Files</Filter>
    </ClInclude>
    <ClInclude Include="source\KeybWnd.h">
      <Filter>Header Files</Filter>
    </ClInclude>
    <ClInclude Include="source\MagnifyWnd.h">
      <Filter>Header Files</Filter>
    </ClInclude>
    <ClInclude Include="source\resource.h">
      <Filter>Header Files</Filter>
    </ClInclude>
    <ClInclude Include="source\Smooth.h">
      <Filter>Header Files</Filter>
    </ClInclude>
    <ClInclude Include="source\TET.h">
      <Filter>Header Files</Filter>
    </ClInclude>
    <ClInclude Include="source\tobiigaze.h">
      <Filter>Header Files</Filter>
    </ClInclude>
    <ClInclude Include="source\tobiigaze_calibration.h">
      <Filter>Header Files</Filter>
    </ClInclude>
    <ClInclude Include="source\tobiigaze_callback_types.h">
      <Filter>Header Files</Filter>
    </ClInclude>
    <ClInclude Include="source\tobiigaze_data_types.h">
      <Filter>Header Files</Filter>
    </ClInclude>
    <ClInclude Include="source\tobiigaze_define.h">
      <Filter>Header Files</Filter>
    </ClInclude>
    <ClInclude Include="source\tobiigaze_discovery.h">
      <Filter>Header Files</Filter>
    </ClInclude>
    <ClInclude Include="source\tobiigaze_display_area.h">
      <Filter>Header Files</Filter>
    </ClInclude>
    <ClInclude Include="source\tobiigaze_error_codes.h">
      <Filter>Header Files</Filter>
    </ClInclude>
    <ClInclude Include="source\tobiigaze_ext.h">
      <Filter>Header Files</Filter>
    </ClInclude>
    <ClInclude Include="source\TobiiREX.h">
      <Filter>Header Files</Filter>
    </ClInclude>
    <ClInclude Include="source\ToolWnd.h">
      <Filter>Header Files</Filter>
    </ClInclude>
    <ClInclude Include="source\TranspWnd.h">
      <Filter>Header Files</Filter>
    </ClInclude>
    <ClInclude Include="source\WIDEFILE.h">
      <Filter>Header Files</Filter>
    </ClInclude>
    <ClInclude Include="source\WM_USER_messages.h">
      <Filter>Header Files</Filter>
    </ClInclude>
  </ItemGroup>
  <ItemGroup>
    <ResourceCompile Include="source\bkb32c.rc">
      <Filter>Resource Files</Filter>
    </ResourceCompile>
  </ItemGroup>
  <ItemGroup>
    <Image Include="Icon.ico">
      <Filter>Resource Files</Filter>
    </Image>
  </ItemGroup>
</Project>